
Microsoft Visual Studio Solution File, Format Version 12.00
# Visual Studio 15
VisualStudioVersion = 15.0.27130.2036
MinimumVisualStudioVersion = 10.0.40219.1
Project("{FAE04EC0-301F-11D3-BF4B-00C04F79EFBC}") = "OneCog.Io.Onkyo.Console", "OneCog.Io.Onkyo.Console\OneCog.Io.Onkyo.Console.csproj", "{458EBFA2-1623-4A7C-A0EA-28557767013A}"
EndProject
Project("{FAE04EC0-301F-11D3-BF4B-00C04F79EFBC}") = "OneCog.Io.Onkyo.Receiver", "OneCog.Io.Onkyo.Receiver\OneCog.Io.Onkyo.Receiver.csproj", "{A38D546C-2294-413B-9F16-B9B0AF9CDC73}"
EndProject
Project("{2150E333-8FDC-42A3-9474-1A3956D46DE8}") = "Build", "Build", "{F5B33C3C-1BDA-4F5C-8549-59F577B53B36}"
	ProjectSection(SolutionItems) = preProject
		..\build.bat = ..\build.bat
		..\build.fsx = ..\build.fsx
	EndProjectSection
EndProject
Project("{2150E333-8FDC-42A3-9474-1A3956D46DE8}") = "Nuget", "Nuget", "{70588C19-C706-4DCA-92FB-A21349E8936D}"
	ProjectSection(SolutionItems) = preProject
		..\OneCog.Io.Onkyo.nuspec = ..\OneCog.Io.Onkyo.nuspec
	EndProjectSection
EndProject
Project("{FAE04EC0-301F-11D3-BF4B-00C04F79EFBC}") = "OneCog.Io.Onkyo.Desktop", "OneCog.Io.Onkyo.Desktop\OneCog.Io.Onkyo.Desktop.csproj", "{5AF0C64A-1C91-4761-94C0-94713103D216}"
EndProject
Project("{2150E333-8FDC-42A3-9474-1A3956D46DE8}") = ".nuget", ".nuget", "{1CEAA970-F52D-47E0-8AF8-D12F16558445}"
	ProjectSection(SolutionItems) = preProject
		.nuget\packages.config = .nuget\packages.config
	EndProjectSection
EndProject
Project("{9A19103F-16F7-4668-BE54-9A1E7A4F7556}") = "OneCog.Io.Onkyo", "OneCog.Io.Onkyo\OneCog.Io.Onkyo.csproj", "{5B4E2A6F-4789-400F-8FA7-306CC37B433F}"
EndProject
Project("{9A19103F-16F7-4668-BE54-9A1E7A4F7556}") = "OneCog.Io.Onkyo.Tests", "OneCog.Io.Onkyo.Tests\OneCog.Io.Onkyo.Tests.csproj", "{E7C6B925-8BB1-445B-BBCF-AE59512CF99B}"
EndProject
Global
	GlobalSection(SolutionConfigurationPlatforms) = preSolution
		Debug|Any CPU = Debug|Any CPU
		Release|Any CPU = Release|Any CPU
	EndGlobalSection
	GlobalSection(ProjectConfigurationPlatforms) = postSolution
		{458EBFA2-1623-4A7C-A0EA-28557767013A}.Debug|Any CPU.ActiveCfg = Debug|Any CPU
		{458EBFA2-1623-4A7C-A0EA-28557767013A}.Debug|Any CPU.Build.0 = Debug|Any CPU
		{458EBFA2-1623-4A7C-A0EA-28557767013A}.Release|Any CPU.ActiveCfg = Release|Any CPU
		{458EBFA2-1623-4A7C-A0EA-28557767013A}.Release|Any CPU.Build.0 = Release|Any CPU
		{A38D546C-2294-413B-9F16-B9B0AF9CDC73}.Debug|Any CPU.ActiveCfg = Debug|Any CPU
		{A38D546C-2294-413B-9F16-B9B0AF9CDC73}.Debug|Any CPU.Build.0 = Debug|Any CPU
		{A38D546C-2294-413B-9F16-B9B0AF9CDC73}.Release|Any CPU.ActiveCfg = Release|Any CPU
		{A38D546C-2294-413B-9F16-B9B0AF9CDC73}.Release|Any CPU.Build.0 = Release|Any CPU
		{5AF0C64A-1C91-4761-94C0-94713103D216}.Debug|Any CPU.ActiveCfg = Debug|Any CPU
		{5AF0C64A-1C91-4761-94C0-94713103D216}.Debug|Any CPU.Build.0 = Debug|Any CPU
		{5AF0C64A-1C91-4761-94C0-94713103D216}.Release|Any CPU.ActiveCfg = Release|Any CPU
		{5AF0C64A-1C91-4761-94C0-94713103D216}.Release|Any CPU.Build.0 = Release|Any CPU
		{5B4E2A6F-4789-400F-8FA7-306CC37B433F}.Debug|Any CPU.ActiveCfg = Debug|Any CPU
		{5B4E2A6F-4789-400F-8FA7-306CC37B433F}.Debug|Any CPU.Build.0 = Debug|Any CPU
		{5B4E2A6F-4789-400F-8FA7-306CC37B433F}.Release|Any CPU.ActiveCfg = Release|Any CPU
		{5B4E2A6F-4789-400F-8FA7-306CC37B433F}.Release|Any CPU.Build.0 = Release|Any CPU
		{E7C6B925-8BB1-445B-BBCF-AE59512CF99B}.Debug|Any CPU.ActiveCfg = Debug|Any CPU
		{E7C6B925-8BB1-445B-BBCF-AE59512CF99B}.Debug|Any CPU.Build.0 = Debug|Any CPU
		{E7C6B925-8BB1-445B-BBCF-AE59512CF99B}.Release|Any CPU.ActiveCfg = Release|Any CPU
		{E7C6B925-8BB1-445B-BBCF-AE59512CF99B}.Release|Any CPU.Build.0 = Release|Any CPU
	EndGlobalSection
	GlobalSection(SolutionProperties) = preSolution
		HideSolutionNode = FALSE
	EndGlobalSection
	GlobalSection(ExtensibilityGlobals) = postSolution
		SolutionGuid = {5B181C0A-2CDD-4D28-8540-5D328EE5D437}
	EndGlobalSection
EndGlobal
